
Microsoft Visual Studio Solution File, Format Version 12.00
# Visual Studio 15
VisualStudioVersion = 15.0.28307.421
MinimumVisualStudioVersion = 10.0.40219.1
Project("{FAE04EC0-301F-11D3-BF4B-00C04F79EFBC}") = "XUnitDeps", "XUnitDeps\XUnitDeps.csproj", "{10D8E0D6-89B3-4D67-A8D4-4432C27A5F46}"
EndProject
Project("{FAE04EC0-301F-11D3-BF4B-00C04F79EFBC}") = "Application", "Application\Application.csproj", "{2224E3D6-1ED8-4971-B27C-EE8968A9F087}"
EndProject
Global
	GlobalSection(SolutionConfigurationPlatforms) = preSolution
		Debug|Any CPU = Debug|Any CPU
		Release|Any CPU = Release|Any CPU
	EndGlobalSection
	GlobalSection(ProjectConfigurationPlatforms) = postSolution
		{10D8E0D6-89B3-4D67-A8D4-4432C27A5F46}.Debug|Any CPU.ActiveCfg = Debug|Any CPU
		{10D8E0D6-89B3-4D67-A8D4-4432C27A5F46}.Debug|Any CPU.Build.0 = Debug|Any CPU
		{10D8E0D6-89B3-4D67-A8D4-4432C27A5F46}.Release|Any CPU.ActiveCfg = Release|Any CPU
		{10D8E0D6-89B3-4D67-A8D4-4432C27A5F46}.Release|Any CPU.Build.0 = Release|Any CPU
		{2224E3D6-1ED8-4971-B27C-EE8968A9F087}.Debug|Any CPU.ActiveCfg = Debug|Any CPU
		{2224E3D6-1ED8-4971-B27C-EE8968A9F087}.Debug|Any CPU.Build.0 = Debug|Any CPU
		{2224E3D6-1ED8-4971-B27C-EE8968A9F087}.Release|Any CPU.ActiveCfg = Release|Any CPU
		{2224E3D6-1ED8-4971-B27C-EE8968A9F087}.Release|Any CPU.Build.0 = Release|Any CPU
	EndGlobalSection
	GlobalSection(SolutionProperties) = preSolution
		HideSolutionNode = FALSE
	EndGlobalSection
	GlobalSection(ExtensibilityGlobals) = postSolution
		SolutionGuid = {9BBF80B0-CCE2-4A58-90F7-6449041FE471}
	EndGlobalSection
EndGlobal
